
Microsoft Visual Studio Solution File, Format Version 12.00
# Visual Studio Version 16
VisualStudioVersion = 16.0.31702.278
MinimumVisualStudioVersion = 10.0.40219.1
Project("{FAE04EC0-301F-11D3-BF4B-00C04F79EFBC}") = "MangaBook.Data", "MangaBook.Data\MangaBook.Data.csproj", "{952E4BFD-2A77-4D40-9275-78040C01E8B0}"
EndProject
Project("{FAE04EC0-301F-11D3-BF4B-00C04F79EFBC}") = "MangaBook.WebApp", "MangaBook.WebApp\MangaBook.WebApp.csproj", "{6610855E-38EB-42C8-9CB2-A40912639B28}"
EndProject
Global
	GlobalSection(SolutionConfigurationPlatforms) = preSolution
		Debug|Any CPU = Debug|Any CPU
		Release|Any CPU = Release|Any CPU
	EndGlobalSection
	GlobalSection(ProjectConfigurationPlatforms) = postSolution
		{952E4BFD-2A77-4D40-9275-78040C01E8B0}.Debug|Any CPU.ActiveCfg = Debug|Any CPU
		{952E4BFD-2A77-4D40-9275-78040C01E8B0}.Debug|Any CPU.Build.0 = Debug|Any CPU
		{952E4BFD-2A77-4D40-9275-78040C01E8B0}.Release|Any CPU.ActiveCfg = Release|Any CPU
		{952E4BFD-2A77-4D40-9275-78040C01E8B0}.Release|Any CPU.Build.0 = Release|Any CPU
		{6610855E-38EB-42C8-9CB2-A40912639B28}.Debug|Any CPU.ActiveCfg = Debug|Any CPU
		{6610855E-38EB-42C8-9CB2-A40912639B28}.Debug|Any CPU.Build.0 = Debug|Any CPU
		{6610855E-38EB-42C8-9CB2-A40912639B28}.Release|Any CPU.ActiveCfg = Release|Any CPU
		{6610855E-38EB-42C8-9CB2-A40912639B28}.Release|Any CPU.Build.0 = Release|Any CPU
	EndGlobalSection
	GlobalSection(SolutionProperties) = preSolution
		HideSolutionNode = FALSE
	EndGlobalSection
	GlobalSection(ExtensibilityGlobals) = postSolution
		SolutionGuid = {5B22DE9E-CEE0-4C7B-AF89-9BAD8966881D}
	EndGlobalSection
EndGlobal
